# This file is autogenerated, do not edit; changes may be undone by the next 'dep ensure'.


[[projects]]
  name = "github.com/Shopify/sarama"
  packages = ["."]
  revision = "3b1b38866a79f06deddf0487d5c27ba0697ccd65"
  version = "v1.15.0"

[[projects]]
  name = "github.com/bsm/sarama-cluster"
  packages = ["."]
  revision = "24016d206c730276dfb58f802999066f2f4bfeaa"
  version = "v2.1.11"

[[projects]]
  name = "github.com/davecgh/go-spew"
  packages = ["spew"]
  revision = "346938d642f2ec3594ed81d874461961cd0faa76"
  version = "v1.1.0"

[[projects]]
  name = "github.com/eapache/go-resiliency"
  packages = ["breaker"]
  revision = "6800482f2c813e689c88b7ed3282262385011890"
  version = "v1.0.0"

[[projects]]
  branch = "master"
  name = "github.com/eapache/go-xerial-snappy"
  packages = ["."]
  revision = "bb955e01b9346ac19dc29eb16586c90ded99a98c"

[[projects]]
  name = "github.com/eapache/queue"
  packages = ["."]
  revision = "44cc805cf13205b55f69e14bcb69867d1ae92f98"
  version = "v1.1.0"

[[projects]]
  name = "github.com/garyburd/redigo"
  packages = [
    "internal",
    "redis"
  ]
  revision = "47dc60e71eed504e3ef8e77ee3c6fe720f3be57f"
  version = "v1.3.0"

[[projects]]
  branch = "master"
  name = "github.com/gocql/gocql"
  packages = [
    ".",
    "internal/lru",
    "internal/murmur",
    "internal/streams"
  ]
  revision = "9ce8b08dfa5559eb86592129986654503cf40cf7"

[[projects]]
  branch = "master"
  name = "github.com/golang/snappy"
  packages = ["."]
  revision = "553a641470496b2327abcac10b36396bd98e45c9"

[[projects]]
  branch = "master"
  name = "github.com/hailocab/go-hostpool"
  packages = ["."]
  revision = "e80d13ce29ede4452c43dea11e79b9bc8a15b478"

[[projects]]
  name = "github.com/kelseyhightower/envconfig"
  packages = ["."]
  revision = "f611eb38b3875cc3bd991ca91c51d06446afa14c"
  version = "v1.3.0"

[[projects]]
  name = "github.com/nats-io/go-nats"
  packages = [
    ".",
    "encoders/builtin",
    "util"
  ]
  revision = "29f9728a183bf3fa7e809e14edac00b33be72088"
  version = "v1.3.0"

[[projects]]
  name = "github.com/nats-io/nuid"
  packages = ["."]
  revision = "289cccf02c178dc782430d534e3c1f5b72af807f"
  version = "v1.0.0"

[[projects]]
  name = "github.com/pierrec/lz4"
  packages = ["."]
  revision = "08c27939df1bd95e881e2c2367a749964ad1fceb"
  version = "v1.0.1"

[[projects]]
  name = "github.com/pierrec/xxHash"
  packages = ["xxHash32"]
  revision = "f051bb7f1d1aaf1b5a665d74fb6b0217712c69f7"
  version = "v0.1.1"

[[projects]]
  name = "github.com/pkg/errors"
  packages = ["."]
  revision = "645ef00459ed84a119197bfb8d8205042c6df63d"
  version = "v0.8.0"

[[projects]]
  name = "github.com/pmezard/go-difflib"
  packages = ["difflib"]
  revision = "792786c7400a136282c1664665ae0a8db921c6c2"
  version = "v1.0.0"

[[projects]]
  branch = "master"
  name = "github.com/rainycape/memcache"
  packages = ["."]
  revision = "1031fa0ce2f20c1c0e1e1b51951d8ea02c84fa05"

[[projects]]
  branch = "master"
  name = "github.com/rcrowley/go-metrics"
  packages = ["."]
  revision = "e181e095bae94582363434144c61a9653aff6e50"

[[projects]]
  name = "github.com/stretchr/testify"
  packages = ["assert"]
  revision = "69483b4bd14f5845b5a1e55bca19e954e827f1d0"
  version = "v1.1.4"

[[projects]]
  name = "go.uber.org/atomic"
  packages = ["."]
  revision = "8474b86a5a6f79c443ce4b2992817ff32cf208b8"
  version = "v1.3.1"

[[projects]]
  name = "go.uber.org/multierr"
  packages = ["."]
  revision = "3c4937480c32f4c13a875a1829af76c98ca3d40a"
  version = "v1.1.0"

[[projects]]
  name = "go.uber.org/zap"
  packages = [
    ".",
    "buffer",
    "internal/bufferpool",
    "internal/color",
    "internal/exit",
    "zapcore"
  ]
  revision = "35aad584952c3e7020db7b839f6b102de6271f89"
  version = "v1.7.1"

[[projects]]
  name = "gopkg.in/inf.v0"
  packages = ["."]
  revision = "3887ee99ecf07df5b447e9b00d9c0b2adaa9f3e4"
  version = "v0.9.0"

[[projects]]
  name = "gopkg.in/olivere/elastic.v2"
  packages = [
    ".",
    "backoff",
    "uritemplates"
  ]
  revision = "cdc8c0afbe6aeeb1b4a99aacb1a8ce9d6f985203"
  version = "v2.0.60"

[[projects]]
  name = "gopkg.in/olivere/elastic.v3"
  packages = [
    ".",
    "backoff",
    "uritemplates"
  ]
  revision = "b3b762ecb4a4acb9dafd3e0de5ba597a117c83f8"
  version = "v3.0.71"

[[projects]]
  name = "gopkg.in/olivere/elastic.v5"
  packages = [
    ".",
    "config",
    "uritemplates"
  ]
  revision = "79ff368708b3a2a9da641dc831d95fd0782bf4ef"
  version = "v5.0.58"

[solve-meta]
  analyzer-name = "dep"
  analyzer-version = 1
  inputs-digest = "c0e08ec5e9597b642de46749c9fb1bdc137596980dcb143b4bb75fd62fc2a1b4"
  solver-name = "gps-cdcl"
  solver-version = 1

  [[projects]]
  branch = "master"
  name = "github.com/lib/pq"
  packages = ["."]
  revision = "88edab0803230a3898347e77b474f8c1820a1f20"
